
Microsoft Visual Studio Solution File, Format Version 12.00
# Visual Studio Version 17
VisualStudioVersion = 17.1.32328.378
MinimumVisualStudioVersion = 10.0.40219.1
Project("{2150E333-8FDC-42A3-9474-1A3956D46DE8}") = "CorgEng", "CorgEng", "{A3F501BC-EDB7-4374-8EA1-975D7A5A5412}"
EndProject
Project("{FAE04EC0-301F-11D3-BF4B-00C04F79EFBC}") = "CorgEng.GridMovement", "CorgEng.GridMovement\CorgEng.GridMovement.csproj", "{9FFCB462-C320-4F1D-97A9-5692CB540321}"
EndProject
Project("{9A19103F-16F7-4668-BE54-9A1E7A4F7556}") = "CorgEng.Core", "..\CorgEng\CorgEng.Core\CorgEng.Core.csproj", "{1013F00D-DDA1-4215-BA92-F349524FA6CA}"
EndProject
Project("{9A19103F-16F7-4668-BE54-9A1E7A4F7556}") = "CorgEng.GenericInterfaces", "..\CorgEng\CorgEng.GenericInterfaces\CorgEng.GenericInterfaces.csproj", "{DFF51735-959D-45F2-B807-FF66E87B9FB3}"
EndProject
Project("{9A19103F-16F7-4668-BE54-9A1E7A4F7556}") = "CorgEng.EntityComponentSystem", "..\CorgEng\CorgEng.EntityComponentSystem\CorgEng.EntityComponentSystem.csproj", "{685DF86B-6C66-4DE8-801B-8F130FF6EE2B}"
EndProject
Global
	GlobalSection(SolutionConfigurationPlatforms) = preSolution
		Debug|Any CPU = Debug|Any CPU
		Debug|ARM32 = Debug|ARM32
		Debug|ARM64 = Debug|ARM64
		Release|Any CPU = Release|Any CPU
		Release|ARM32 = Release|ARM32
		Release|ARM64 = Release|ARM64
	EndGlobalSection
	GlobalSection(ProjectConfigurationPlatforms) = postSolution
		{9FFCB462-C320-4F1D-97A9-5692CB540321}.Debug|Any CPU.ActiveCfg = Debug|Any CPU
		{9FFCB462-C320-4F1D-97A9-5692CB540321}.Debug|Any CPU.Build.0 = Debug|Any CPU
		{9FFCB462-C320-4F1D-97A9-5692CB540321}.Debug|ARM32.ActiveCfg = Debug|Any CPU
		{9FFCB462-C320-4F1D-97A9-5692CB540321}.Debug|ARM32.Build.0 = Debug|Any CPU
		{9FFCB462-C320-4F1D-97A9-5692CB540321}.Debug|ARM64.ActiveCfg = Debug|Any CPU
		{9FFCB462-C320-4F1D-97A9-5692CB540321}.Debug|ARM64.Build.0 = Debug|Any CPU
		{9FFCB462-C320-4F1D-97A9-5692CB540321}.Release|Any CPU.ActiveCfg = Release|Any CPU
		{9FFCB462-C320-4F1D-97A9-5692CB540321}.Release|Any CPU.Build.0 = Release|Any CPU
		{9FFCB462-C320-4F1D-97A9-5692CB540321}.Release|ARM32.ActiveCfg = Release|Any CPU
		{9FFCB462-C320-4F1D-97A9-5692CB540321}.Release|ARM32.Build.0 = Release|Any CPU
		{9FFCB462-C320-4F1D-97A9-5692CB540321}.Release|ARM64.ActiveCfg = Release|Any CPU
		{9FFCB462-C320-4F1D-97A9-5692CB540321}.Release|ARM64.Build.0 = Release|Any CPU
		{1013F00D-DDA1-4215-BA92-F349524FA6CA}.Debug|Any CPU.ActiveCfg = Debug|Any CPU
		{1013F00D-DDA1-4215-BA92-F349524FA6CA}.Debug|Any CPU.Build.0 = Debug|Any CPU
		{1013F00D-DDA1-4215-BA92-F349524FA6CA}.Debug|ARM32.ActiveCfg = Debug|ARM32
		{1013F00D-DDA1-4215-BA92-F349524FA6CA}.Debug|ARM32.Build.0 = Debug|ARM32
		{1013F00D-DDA1-4215-BA92-F349524FA6CA}.Debug|ARM64.ActiveCfg = Debug|ARM64
		{1013F00D-DDA1-4215-BA92-F349524FA6CA}.Debug|ARM64.Build.0 = Debug|ARM64
		{1013F00D-DDA1-4215-BA92-F349524FA6CA}.Release|Any CPU.ActiveCfg = Release|Any CPU
		{1013F00D-DDA1-4215-BA92-F349524FA6CA}.Release|Any CPU.Build.0 = Release|Any CPU
		{1013F00D-DDA1-4215-BA92-F349524FA6CA}.Release|ARM32.ActiveCfg = Release|ARM32
		{1013F00D-DDA1-4215-BA92-F349524FA6CA}.Release|ARM32.Build.0 = Release|ARM32
		{1013F00D-DDA1-4215-BA92-F349524FA6CA}.Release|ARM64.ActiveCfg = Release|ARM64
		{1013F00D-DDA1-4215-BA92-F349524FA6CA}.Release|ARM64.Build.0 = Release|ARM64
		{DFF51735-959D-45F2-B807-FF66E87B9FB3}.Debug|Any CPU.ActiveCfg = Debug|Any CPU
		{DFF51735-959D-45F2-B807-FF66E87B9FB3}.Debug|Any CPU.Build.0 = Debug|Any CPU
		{DFF51735-959D-45F2-B807-FF66E87B9FB3}.Debug|ARM32.ActiveCfg = Debug|ARM32
		{DFF51735-959D-45F2-B807-FF66E87B9FB3}.Debug|ARM32.Build.0 = Debug|ARM32
		{DFF51735-959D-45F2-B807-FF66E87B9FB3}.Debug|ARM64.ActiveCfg = Debug|ARM64
		{DFF51735-959D-45F2-B807-FF66E87B9FB3}.Debug|ARM64.Build.0 = Debug|ARM64
		{DFF51735-959D-45F2-B807-FF66E87B9FB3}.Release|Any CPU.ActiveCfg = Release|Any CPU
		{DFF51735-959D-45F2-B807-FF66E87B9FB3}.Release|Any CPU.Build.0 = Release|Any CPU
		{DFF51735-959D-45F2-B807-FF66E87B9FB3}.Release|ARM32.ActiveCfg = Release|ARM32
		{DFF51735-959D-45F2-B807-FF66E87B9FB3}.Release|ARM32.Build.0 = Release|ARM32
		{DFF51735-959D-45F2-B807-FF66E87B9FB3}.Release|ARM64.ActiveCfg = Release|ARM64
		{DFF51735-959D-45F2-B807-FF66E87B9FB3}.Release|ARM64.Build.0 = Release|ARM64
		{685DF86B-6C66-4DE8-801B-8F130FF6EE2B}.Debug|Any CPU.ActiveCfg = Debug|Any CPU
		{685DF86B-6C66-4DE8-801B-8F130FF6EE2B}.Debug|Any CPU.Build.0 = Debug|Any CPU
		{685DF86B-6C66-4DE8-801B-8F130FF6EE2B}.Debug|ARM32.ActiveCfg = Debug|ARM32
		{685DF86B-6C66-4DE8-801B-8F130FF6EE2B}.Debug|ARM32.Build.0 = Debug|ARM32
		{685DF86B-6C66-4DE8-801B-8F130FF6EE2B}.Debug|ARM64.ActiveCfg = Debug|ARM64
		{685DF86B-6C66-4DE8-801B-8F130FF6EE2B}.Debug|ARM64.Build.0 = Debug|ARM64
		{685DF86B-6C66-4DE8-801B-8F130FF6EE2B}.Release|Any CPU.ActiveCfg = Release|Any CPU
		{685DF86B-6C66-4DE8-801B-8F130FF6EE2B}.Release|Any CPU.Build.0 = Release|Any CPU
		{685DF86B-6C66-4DE8-801B-8F130FF6EE2B}.Release|ARM32.ActiveCfg = Release|ARM32
		{685DF86B-6C66-4DE8-801B-8F130FF6EE2B}.Release|ARM32.Build.0 = Release|ARM32
		{685DF86B-6C66-4DE8-801B-8F130FF6EE2B}.Release|ARM64.ActiveCfg = Release|ARM64
		{685DF86B-6C66-4DE8-801B-8F130FF6EE2B}.Release|ARM64.Build.0 = Release|ARM64
	EndGlobalSection
	GlobalSection(SolutionProperties) = preSolution
		HideSolutionNode = FALSE
	EndGlobalSection
	GlobalSection(NestedProjects) = preSolution
		{1013F00D-DDA1-4215-BA92-F349524FA6CA} = {A3F501BC-EDB7-4374-8EA1-975D7A5A5412}
		{DFF51735-959D-45F2-B807-FF66E87B9FB3} = {A3F501BC-EDB7-4374-8EA1-975D7A5A5412}
		{685DF86B-6C66-4DE8-801B-8F130FF6EE2B} = {A3F501BC-EDB7-4374-8EA1-975D7A5A5412}
	EndGlobalSection
	GlobalSection(ExtensibilityGlobals) = postSolution
		SolutionGuid = {E1E09980-9350-4AD5-81FF-8FBD3A1432D9}
	EndGlobalSection
EndGlobal
